
Microsoft Visual Studio Solution File, Format Version 12.00
# Visual Studio Version 16
VisualStudioVersion = 16.0.29020.237
MinimumVisualStudioVersion = 10.0.40219.1
Project("{FAE04EC0-301F-11D3-BF4B-00C04F79EFBC}") = "ThreadingFormsDemo", "ThreadingFormsDemo\ThreadingFormsDemo.csproj", "{8A5904A1-9A90-49F4-B57C-1C1554888B5A}"
EndProject
Global
	GlobalSection(SolutionConfigurationPlatforms) = preSolution
		Debug|Any CPU = Debug|Any CPU
		Release|Any CPU = Release|Any CPU
	EndGlobalSection
	GlobalSection(ProjectConfigurationPlatforms) = postSolution
		{8A5904A1-9A90-49F4-B57C-1C1554888B5A}.Debug|Any CPU.ActiveCfg = Debug|Any CPU
		{8A5904A1-9A90-49F4-B57C-1C1554888B5A}.Debug|Any CPU.Build.0 = Debug|Any CPU
		{8A5904A1-9A90-49F4-B57C-1C1554888B5A}.Release|Any CPU.ActiveCfg = Release|Any CPU
		{8A5904A1-9A90-49F4-B57C-1C1554888B5A}.Release|Any CPU.Build.0 = Release|Any CPU
	EndGlobalSection
	GlobalSection(SolutionProperties) = preSolution
		HideSolutionNode = FALSE
	EndGlobalSection
	GlobalSection(ExtensibilityGlobals) = postSolution
		SolutionGuid = {20B3A891-0303-46A6-B027-0FFF2E922AB3}
	EndGlobalSection
EndGlobal
